// !$*UTF8*$!
{
	archiveVersion = 1;
	classes = {
	};
	objectVersion = 55;
	objects = {

/* Begin PBXBuildFile section */
		D940000D277AC7FF0076AAD5 /* SharedModel.swift in Sources */ = {isa = PBXBuildFile; fileRef = D940000C277AC7FF0076AAD5 /* SharedModel.swift */; };
		D9C119AB277A840400E20999 /* ContentView.swift in Sources */ = {isa = PBXBuildFile; fileRef = D9C119AA277A840400E20999 /* ContentView.swift */; };
		D9C119AD277A840500E20999 /* Assets.xcassets in Resources */ = {isa = PBXBuildFile; fileRef = D9C119AC277A840500E20999 /* Assets.xcassets */; };
		D9C119B0277A840500E20999 /* Preview Assets.xcassets in Resources */ = {isa = PBXBuildFile; fileRef = D9C119AF277A840500E20999 /* Preview Assets.xcassets */; };
		D9C119B8277A843E00E20999 /* StatusBarController.swift in Sources */ = {isa = PBXBuildFile; fileRef = D9C119B7277A843E00E20999 /* StatusBarController.swift */; };
		D9C119BA277A847D00E20999 /* AppDelegate.swift in Sources */ = {isa = PBXBuildFile; fileRef = D9C119B9277A847D00E20999 /* AppDelegate.swift */; };
		D9C119DE277A8FD200E20999 /* main.swift in Sources */ = {isa = PBXBuildFile; fileRef = D9C119DD277A8FD200E20999 /* main.swift */; };
/* End PBXBuildFile section */

/* Begin PBXFileReference section */
		D940000C277AC7FF0076AAD5 /* SharedModel.swift */ = {isa = PBXFileReference; lastKnownFileType = sourcecode.swift; path = SharedModel.swift; sourceTree = "<group>"; };
		D9C119A5277A840400E20999 /* ChurnCountdown.app */ = {isa = PBXFileReference; explicitFileType = wrapper.application; includeInIndex = 0; path = ChurnCountdown.app; sourceTree = BUILT_PRODUCTS_DIR; };
		D9C119AA277A840400E20999 /* ContentView.swift */ = {isa = PBXFileReference; lastKnownFileType = sourcecode.swift; path = ContentView.swift; sourceTree = "<group>"; };
		D9C119AC277A840500E20999 /* Assets.xcassets */ = {isa = PBXFileReference; lastKnownFileType = folder.assetcatalog; path = Assets.xcassets; sourceTree = "<group>"; };
		D9C119AF277A840500E20999 /* Preview Assets.xcassets */ = {isa = PBXFileReference; lastKnownFileType = folder.assetcatalog; path = "Preview Assets.xcassets"; sourceTree = "<group>"; };
		D9C119B1277A840500E20999 /* ChurnCountdown.entitlements */ = {isa = PBXFileReference; lastKnownFileType = text.plist.entitlements; path = ChurnCountdown.entitlements; sourceTree = "<group>"; };
		D9C119B7277A843E00E20999 /* StatusBarController.swift */ = {isa = PBXFileReference; lastKnownFileType = sourcecode.swift; path = StatusBarController.swift; sourceTree = "<group>"; };
		D9C119B9277A847D00E20999 /* AppDelegate.swift */ = {isa = PBXFileReference; lastKnownFileType = sourcecode.swift; path = AppDelegate.swift; sourceTree = "<group>"; };
		D9C119BD277A86C600E20999 /* Info.plist */ = {isa = PBXFileReference; lastKnownFileType = text.plist; path = Info.plist; sourceTree = "<group>"; };
		D9C119DD277A8FD200E20999 /* main.swift */ = {isa = PBXFileReference; lastKnownFileType = sourcecode.swift; path = main.swift; sourceTree = "<group>"; };
/* End PBXFileReference section */

/* Begin PBXFrameworksBuildPhase section */
		D9C119A2277A840400E20999 /* Frameworks */ = {
			isa = PBXFrameworksBuildPhase;
			buildActionMask = 2147483647;
			files = (
			);
			runOnlyForDeploymentPostprocessing = 0;
		};
/* End PBXFrameworksBuildPhase section */

/* Begin PBXGroup section */
		D9C1199C277A840400E20999 = {
			isa = PBXGroup;
			children = (
				D9C119A7277A840400E20999 /* ChurnCountdown */,
				D9C119A6277A840400E20999 /* Products */,
			);
			sourceTree = "<group>";
		};
		D9C119A6277A840400E20999 /* Products */ = {
			isa = PBXGroup;
			children = (
				D9C119A5277A840400E20999 /* ChurnCountdown.app */,
			);
			name = Products;
			sourceTree = "<group>";
		};
		D9C119A7277A840400E20999 /* ChurnCountdown */ = {
			isa = PBXGroup;
			children = (
				D9C119BD277A86C600E20999 /* Info.plist */,
				D9C119DD277A8FD200E20999 /* main.swift */,
				D9C119B9277A847D00E20999 /* AppDelegate.swift */,
				D9C119B7277A843E00E20999 /* StatusBarController.swift */,
				D940000C277AC7FF0076AAD5 /* SharedModel.swift */,
				D9C119AA277A840400E20999 /* ContentView.swift */,
				D9C119AC277A840500E20999 /* Assets.xcassets */,
				D9C119B1277A840500E20999 /* ChurnCountdown.entitlements */,
				D9C119AE277A840500E20999 /* Preview Content */,
			);
			path = ChurnCountdown;
			sourceTree = "<group>";
		};
		D9C119AE277A840500E20999 /* Preview Content */ = {
			isa = PBXGroup;
			children = (
				D9C119AF277A840500E20999 /* Preview Assets.xcassets */,
			);
			path = "Preview Content";
			sourceTree = "<group>";
		};
/* End PBXGroup section */

/* Begin PBXNativeTarget section */
		D9C119A4277A840400E20999 /* ChurnCountdown */ = {
			isa = PBXNativeTarget;
			buildConfigurationList = D9C119B4277A840500E20999 /* Build configuration list for PBXNativeTarget "ChurnCountdown" */;
			buildPhases = (
				D9C119A1277A840400E20999 /* Sources */,
				D9C119A2277A840400E20999 /* Frameworks */,
				D9C119A3277A840400E20999 /* Resources */,
			);
			buildRules = (
			);
			dependencies = (
			);
			name = ChurnCountdown;
			productName = ChurnCountdown;
			productReference = D9C119A5277A840400E20999 /* ChurnCountdown.app */;
			productType = "com.apple.product-type.application";
		};
/* End PBXNativeTarget section */

/* Begin PBXProject section */
		D9C1199D277A840400E20999 /* Project object */ = {
			isa = PBXProject;
			attributes = {
				BuildIndependentTargetsInParallel = 1;
				LastSwiftUpdateCheck = 1320;
				LastUpgradeCheck = 1320;
				TargetAttributes = {
					D9C119A4277A840400E20999 = {
						CreatedOnToolsVersion = 13.2.1;
					};
				};
			};
			buildConfigurationList = D9C119A0277A840400E20999 /* Build configuration list for PBXProject "ChurnCountdown" */;
			compatibilityVersion = "Xcode 13.0";
			developmentRegion = en;
			hasScannedForEncodings = 0;
			knownRegions = (
				en,
				Base,
			);
			mainGroup = D9C1199C277A840400E20999;
			productRefGroup = D9C119A6277A840400E20999 /* Products */;
			projectDirPath = "";
			projectRoot = "";
			targets = (
				D9C119A4277A840400E20999 /* ChurnCountdown */,
			);
		};
/* End PBXProject section */

/* Begin PBXResourcesBuildPhase section */
		D9C119A3277A840400E20999 /* Resources */ = {
			isa = PBXResourcesBuildPhase;
			buildActionMask = 2147483647;
			files = (
				D9C119B0277A840500E20999 /* Preview Assets.xcassets in Resources */,
				D9C119AD277A840500E20999 /* Assets.xcassets in Resources */,
			);
			runOnlyForDeploymentPostprocessing = 0;
		};
/* End PBXResourcesBuildPhase section */

/* Begin PBXSourcesBuildPhase section */
		D9C119A1277A840400E20999 /* Sources */ = {
			isa = PBXSourcesBuildPhase;
			buildActionMask = 2147483647;
			files = (
				D9C119BA277A847D00E20999 /* AppDelegate.swift in Sources */,
				D9C119DE277A8FD200E20999 /* main.swift in Sources */,
				D9C119AB277A840400E20999 /* ContentView.swift in Sources */,
				D9C119B8277A843E00E20999 /* StatusBarController.swift in Sources */,
				D940000D277AC7FF0076AAD5 /* SharedModel.swift in Sources */,
			);
			runOnlyForDeploymentPostprocessing = 0;
		};
/* End PBXSourcesBuildPhase section */

/* Begin XCBuildConfiguration section */
		D9C119B2277A840500E20999 /* Debug */ = {
			isa = XCBuildConfiguration;
			buildSettings = {
				ALWAYS_SEARCH_USER_PATHS = NO;
				CLANG_ANALYZER_NONNULL = YES;
				CLANG_ANALYZER_NUMBER_OBJECT_CONVERSION = YES_AGGRESSIVE;
				CLANG_CXX_LANGUAGE_STANDARD = "gnu++17";
				CLANG_CXX_LIBRARY = "libc++";
				CLANG_ENABLE_MODULES = YES;
				CLANG_ENABLE_OBJC_ARC = YES;
				CLANG_ENABLE_OBJC_WEAK = YES;
				CLANG_WARN_BLOCK_CAPTURE_AUTORELEASING = YES;
				CLANG_WARN_BOOL_CONVERSION = YES;
				CLANG_WARN_COMMA = YES;
				CLANG_WARN_CONSTANT_CONVERSION = YES;
				CLANG_WARN_DEPRECATED_OBJC_IMPLEMENTATIONS = YES;
				CLANG_WARN_DIRECT_OBJC_ISA_USAGE = YES_ERROR;
				CLANG_WARN_DOCUMENTATION_COMMENTS = YES;
				CLANG_WARN_EMPTY_BODY = YES;
				CLANG_WARN_ENUM_CONVERSION = YES;
				CLANG_WARN_INFINITE_RECURSION = YES;
				CLANG_WARN_INT_CONVERSION = YES;
				CLANG_WARN_NON_LITERAL_NULL_CONVERSION = YES;
				CLANG_WARN_OBJC_IMPLICIT_RETAIN_SELF = YES;
				CLANG_WARN_OBJC_LITERAL_CONVERSION = YES;
				CLANG_WARN_OBJC_ROOT_CLASS = YES_ERROR;
				CLANG_WARN_QUOTED_INCLUDE_IN_FRAMEWORK_HEADER = YES;
				CLANG_WARN_RANGE_LOOP_ANALYSIS = YES;
				CLANG_WARN_STRICT_PROTOTYPES = YES;
				CLANG_WARN_SUSPICIOUS_MOVE = YES;
				CLANG_WARN_UNGUARDED_AVAILABILITY = YES_AGGRESSIVE;
				CLANG_WARN_UNREACHABLE_CODE = YES;
				CLANG_WARN__DUPLICATE_METHOD_MATCH = YES;
				COPY_PHASE_STRIP = NO;
				DEBUG_INFORMATION_FORMAT = dwarf;
				ENABLE_STRICT_OBJC_MSGSEND = YES;
				ENABLE_TESTABILITY = YES;
				GCC_C_LANGUAGE_STANDARD = gnu11;
				GCC_DYNAMIC_NO_PIC = NO;
				GCC_NO_COMMON_BLOCKS = YES;
				GCC_OPTIMIZATION_LEVEL = 0;
				GCC_PREPROCESSOR_DEFINITIONS = (
					"DEBUG=1",
					"$(inherited)",
				);
				GCC_WARN_64_TO_32_BIT_CONVERSION = YES;
				GCC_WARN_ABOUT_RETURN_TYPE = YES_ERROR;
				GCC_WARN_UNDECLARED_SELECTOR = YES;
				GCC_WARN_UNINITIALIZED_AUTOS = YES_AGGRESSIVE;
				GCC_WARN_UNUSED_FUNCTION = YES;
				GCC_WARN_UNUSED_VARIABLE = YES;
				MACOSX_DEPLOYMENT_TARGET = 12.1;
				MTL_ENABLE_DEBUG_INFO = INCLUDE_SOURCE;
				MTL_FAST_MATH = YES;
				ONLY_ACTIVE_ARCH = YES;
				SDKROOT = macosx;
				SWIFT_ACTIVE_COMPILATION_CONDITIONS = DEBUG;
				SWIFT_OPTIMIZATION_LEVEL = "-Onone";
			};
			name = Debug;
		};
		D9C119B3277A840500E20999 /* Release */ = {
			isa = XCBuildConfiguration;
			buildSettings = {
				ALWAYS_SEARCH_USER_PATHS = NO;
				CLANG_ANALYZER_NONNULL = YES;
				CLANG_ANALYZER_NUMBER_OBJECT_CONVERSION = YES_AGGRESSIVE;
				CLANG_CXX_LANGUAGE_STANDARD = "gnu++17";
				CLANG_CXX_LIBRARY = "libc++";
				CLANG_ENABLE_MODULES = YES;
				CLANG_ENABLE_OBJC_ARC = YES;
				CLANG_ENABLE_OBJC_WEAK = YES;
				CLANG_WARN_BLOCK_CAPTURE_AUTORELEASING = YES;
				CLANG_WARN_BOOL_CONVERSION = YES;
				CLANG_WARN_COMMA = YES;
				CLANG_WARN_CONSTANT_CONVERSION = YES;
				CLANG_WARN_DEPRECATED_OBJC_IMPLEMENTATIONS = YES;
				CLANG_WARN_DIRECT_OBJC_ISA_USAGE = YES_ERROR;
				CLANG_WARN_DOCUMENTATION_COMMENTS = YES;
				CLANG_WARN_EMPTY_BODY = YES;
				CLANG_WARN_ENUM_CONVERSION = YES;
				CLANG_WARN_INFINITE_RECURSION = YES;
				CLANG_WARN_INT_CONVERSION = YES;
				CLANG_WARN_NON_LITERAL_NULL_CONVERSION = YES;
				CLANG_WARN_OBJC_IMPLICIT_RETAIN_SELF = YES;
				CLANG_WARN_OBJC_LITERAL_CONVERSION = YES;
				CLANG_WARN_OBJC_ROOT_CLASS = YES_ERROR;
				CLANG_WARN_QUOTED_INCLUDE_IN_FRAMEWORK_HEADER = YES;
				CLANG_WARN_RANGE_LOOP_ANALYSIS = YES;
				CLANG_WARN_STRICT_PROTOTYPES = YES;
				CLANG_WARN_SUSPICIOUS_MOVE = YES;
				CLANG_WARN_UNGUARDED_AVAILABILITY = YES_AGGRESSIVE;
				CLANG_WARN_UNREACHABLE_CODE = YES;
				CLANG_WARN__DUPLICATE_METHOD_MATCH = YES;
				COPY_PHASE_STRIP = NO;
				DEBUG_INFORMATION_FORMAT = "dwarf-with-dsym";
				ENABLE_NS_ASSERTIONS = NO;
				ENABLE_STRICT_OBJC_MSGSEND = YES;
				GCC_C_LANGUAGE_STANDARD = gnu11;
				GCC_NO_COMMON_BLOCKS = YES;
				GCC_WARN_64_TO_32_BIT_CONVERSION = YES;
				GCC_WARN_ABOUT_RETURN_TYPE = YES_ERROR;
				GCC_WARN_UNDECLARED_SELECTOR = YES;
				GCC_WARN_UNINITIALIZED_AUTOS = YES_AGGRESSIVE;
				GCC_WARN_UNUSED_FUNCTION = YES;
				GCC_WARN_UNUSED_VARIABLE = YES;
				MACOSX_DEPLOYMENT_TARGET = 12.1;
				MTL_ENABLE_DEBUG_INFO = NO;
				MTL_FAST_MATH = YES;
				SDKROOT = macosx;
				SWIFT_COMPILATION_MODE = wholemodule;
				SWIFT_OPTIMIZATION_LEVEL = "-O";
			};
			name = Release;
		};
		D9C119B5277A840500E20999 /* Debug */ = {
			isa = XCBuildConfiguration;
			buildSettings = {
				ASSETCATALOG_COMPILER_APPICON_NAME = AppIcon;
				ASSETCATALOG_COMPILER_GLOBAL_ACCENT_COLOR_NAME = AccentColor;
				CODE_SIGN_ENTITLEMENTS = ChurnCountdown/ChurnCountdown.entitlements;
				CODE_SIGN_STYLE = Manual;
				COMBINE_HIDPI_IMAGES = YES;
				CURRENT_PROJECT_VERSION = 3;
				DEVELOPMENT_ASSET_PATHS = "\"ChurnCountdown/Preview Content\"";
				DEVELOPMENT_TEAM = "";
				ENABLE_PREVIEWS = YES;
				GENERATE_INFOPLIST_FILE = YES;
				INFOPLIST_FILE = ChurnCountdown/Info.plist;
				INFOPLIST_KEY_NSHumanReadableCopyright = "";
				LD_RUNPATH_SEARCH_PATHS = (
					"$(inherited)",
					"@executable_path/../Frameworks",
				);
				MARKETING_VERSION = 1.3;
				PRODUCT_BUNDLE_IDENTIFIER = org.thorchain.ChurnCountdown;
				PRODUCT_NAME = "$(TARGET_NAME)";
				PROVISIONING_PROFILE_SPECIFIER = "";
				SWIFT_EMIT_LOC_STRINGS = YES;
				SWIFT_VERSION = 5.0;
			};
			name = Debug;
		};
		D9C119B6277A840500E20999 /* Release */ = {
			isa = XCBuildConfiguration;
			buildSettings = {
				ASSETCATALOG_COMPILER_APPICON_NAME = AppIcon;
				ASSETCATALOG_COMPILER_GLOBAL_ACCENT_COLOR_NAME = AccentColor;
				CODE_SIGN_ENTITLEMENTS = ChurnCountdown/ChurnCountdown.entitlements;
				CODE_SIGN_STYLE = Manual;
				COMBINE_HIDPI_IMAGES = YES;
				CURRENT_PROJECT_VERSION = 3;
				DEVELOPMENT_ASSET_PATHS = "\"ChurnCountdown/Preview Content\"";
				DEVELOPMENT_TEAM = "";
				ENABLE_PREVIEWS = YES;
				GENERATE_INFOPLIST_FILE = YES;
				INFOPLIST_FILE = ChurnCountdown/Info.plist;
				INFOPLIST_KEY_NSHumanReadableCopyright = "";
				LD_RUNPATH_SEARCH_PATHS = (
					"$(inherited)",
					"@executable_path/../Frameworks",
				);
				MARKETING_VERSION = 1.3;
				PRODUCT_BUNDLE_IDENTIFIER = org.thorchain.ChurnCountdown;
				PRODUCT_NAME = "$(TARGET_NAME)";
				PROVISIONING_PROFILE_SPECIFIER = "";
				SWIFT_EMIT_LOC_STRINGS = YES;
				SWIFT_VERSION = 5.0;
			};
			name = Release;
		};
/* End XCBuildConfiguration section */

/* Begin XCConfigurationList section */
		D9C119A0277A840400E20999 /* Build configuration list for PBXProject "ChurnCountdown" */ = {
			isa = XCConfigurationList;
			buildConfigurations = (
				D9C119B2277A840500E20999 /* Debug */,
				D9C119B3277A840500E20999 /* Release */,
			);
			defaultConfigurationIsVisible = 0;
			defaultConfigurationName = Release;
		};
		D9C119B4277A840500E20999 /* Build configuration list for PBXNativeTarget "ChurnCountdown" */ = {
			isa = XCConfigurationList;
			buildConfigurations = (
				D9C119B5277A840500E20999 /* Debug */,
				D9C119B6277A840500E20999 /* Release */,
			);
			defaultConfigurationIsVisible = 0;
			defaultConfigurationName = Release;
		};
/* End XCConfigurationList section */
	};
	rootObject = D9C1199D277A840400E20999 /* Project object */;
}
